
Microsoft Visual Studio Solution File, Format Version 12.00
# Visual Studio 15
VisualStudioVersion = 15.0.27428.2043
MinimumVisualStudioVersion = 10.0.40219.1
Project("{FAE04EC0-301F-11D3-BF4B-00C04F79EFBC}") = "Quicksort", "Quicksort\Quicksort.csproj", "{883F75FA-AC95-4EA5-908D-1F9D6B831FE8}"
EndProject
Global
	GlobalSection(SolutionConfigurationPlatforms) = preSolution
		Debug|Any CPU = Debug|Any CPU
		Release|Any CPU = Release|Any CPU
	EndGlobalSection
	GlobalSection(ProjectConfigurationPlatforms) = postSolution
		{883F75FA-AC95-4EA5-908D-1F9D6B831FE8}.Debug|Any CPU.ActiveCfg = Debug|Any CPU
		{883F75FA-AC95-4EA5-908D-1F9D6B831FE8}.Debug|Any CPU.Build.0 = Debug|Any CPU
		{883F75FA-AC95-4EA5-908D-1F9D6B831FE8}.Release|Any CPU.ActiveCfg = Release|Any CPU
		{883F75FA-AC95-4EA5-908D-1F9D6B831FE8}.Release|Any CPU.Build.0 = Release|Any CPU
	EndGlobalSection
	GlobalSection(SolutionProperties) = preSolution
		HideSolutionNode = FALSE
	EndGlobalSection
	GlobalSection(ExtensibilityGlobals) = postSolution
		SolutionGuid = {625BB57D-398C-45B2-8E28-506C2AF167F5}
	EndGlobalSection
EndGlobal
